
Microsoft Visual Studio Solution File, Format Version 12.00
# Visual Studio Version 16
VisualStudioVersion = 16.0.30204.135
MinimumVisualStudioVersion = 10.0.40219.1
Project("{FAE04EC0-301F-11D3-BF4B-00C04F79EFBC}") = "simpleApp", "simpleApp\simpleApp.csproj", "{DF3E5E7A-AD06-4E2C-83B6-6B906C0B4511}"
EndProject
Global
	GlobalSection(SolutionConfigurationPlatforms) = preSolution
		Debug|Any CPU = Debug|Any CPU
		Release|Any CPU = Release|Any CPU
	EndGlobalSection
	GlobalSection(ProjectConfigurationPlatforms) = postSolution
		{DF3E5E7A-AD06-4E2C-83B6-6B906C0B4511}.Debug|Any CPU.ActiveCfg = Debug|Any CPU
		{DF3E5E7A-AD06-4E2C-83B6-6B906C0B4511}.Debug|Any CPU.Build.0 = Debug|Any CPU
		{DF3E5E7A-AD06-4E2C-83B6-6B906C0B4511}.Release|Any CPU.ActiveCfg = Release|Any CPU
		{DF3E5E7A-AD06-4E2C-83B6-6B906C0B4511}.Release|Any CPU.Build.0 = Release|Any CPU
	EndGlobalSection
	GlobalSection(SolutionProperties) = preSolution
		HideSolutionNode = FALSE
	EndGlobalSection
	GlobalSection(ExtensibilityGlobals) = postSolution
		SolutionGuid = {BD68DF0D-478B-46A6-BBE1-922991CFFA8F}
	EndGlobalSection
EndGlobal
